
Microsoft Visual Studio Solution File, Format Version 12.00
# Visual Studio Version 17
VisualStudioVersion = 17.3.32811.315
MinimumVisualStudioVersion = 10.0.40219.1
Project("{FAE04EC0-301F-11D3-BF4B-00C04F79EFBC}") = "Day-29-UC1-LoadDataFromCSV", "Day-29-UC1-LoadDataFromCSV\Day-29-UC1-LoadDataFromCSV.csproj", "{1750683E-6D39-41F3-9BF3-7A47B2AB63F2}"
EndProject
Project("{FAE04EC0-301F-11D3-BF4B-00C04F79EFBC}") = "CensusAnalyserTest", "CensusAnalyserTest\CensusAnalyserTest.csproj", "{C49C90DC-3E2E-460E-8A5F-B4000DBAE961}"
EndProject
Global
	GlobalSection(SolutionConfigurationPlatforms) = preSolution
		Debug|Any CPU = Debug|Any CPU
		Release|Any CPU = Release|Any CPU
	EndGlobalSection
	GlobalSection(ProjectConfigurationPlatforms) = postSolution
		{1750683E-6D39-41F3-9BF3-7A47B2AB63F2}.Debug|Any CPU.ActiveCfg = Debug|Any CPU
		{1750683E-6D39-41F3-9BF3-7A47B2AB63F2}.Debug|Any CPU.Build.0 = Debug|Any CPU
		{1750683E-6D39-41F3-9BF3-7A47B2AB63F2}.Release|Any CPU.ActiveCfg = Release|Any CPU
		{1750683E-6D39-41F3-9BF3-7A47B2AB63F2}.Release|Any CPU.Build.0 = Release|Any CPU
		{C49C90DC-3E2E-460E-8A5F-B4000DBAE961}.Debug|Any CPU.ActiveCfg = Debug|Any CPU
		{C49C90DC-3E2E-460E-8A5F-B4000DBAE961}.Debug|Any CPU.Build.0 = Debug|Any CPU
		{C49C90DC-3E2E-460E-8A5F-B4000DBAE961}.Release|Any CPU.ActiveCfg = Release|Any CPU
		{C49C90DC-3E2E-460E-8A5F-B4000DBAE961}.Release|Any CPU.Build.0 = Release|Any CPU
	EndGlobalSection
	GlobalSection(SolutionProperties) = preSolution
		HideSolutionNode = FALSE
	EndGlobalSection
	GlobalSection(ExtensibilityGlobals) = postSolution
		SolutionGuid = {CF493833-409E-41F8-8DF3-ECC355985E7A}
	EndGlobalSection
EndGlobal
